// !$*UTF8*$!
{
	archiveVersion = 1;
	classes = {
	};
	objectVersion = 48;
	objects = {

/* Begin PBXBuildFile section */
		F7037B081FC4577900BCC36C /* UIColor+Extensions.swift in Sources */ = {isa = PBXBuildFile; fileRef = F7037B071FC4577900BCC36C /* UIColor+Extensions.swift */; };
		F7037B121FC4875F00BCC36C /* Container.swift in Sources */ = {isa = PBXBuildFile; fileRef = F7037B111FC4875F00BCC36C /* Container.swift */; };
		F71033F81F80CBE90074F6E8 /* NavigationManager.swift in Sources */ = {isa = PBXBuildFile; fileRef = F71033F71F80CBE90074F6E8 /* NavigationManager.swift */; };
		F71446A21FB9CEE90068AE4E /* MapModuleContainer.swift in Sources */ = {isa = PBXBuildFile; fileRef = F71446A11FB9CEE90068AE4E /* MapModuleContainer.swift */; };
		F71A08271FB8687E008B259C /* MatrixTransformations.swift in Sources */ = {isa = PBXBuildFile; fileRef = F71A08261FB8687E008B259C /* MatrixTransformations.swift */; };
		F71A082B1FB873A2008B259C /* DirectionNode.swift in Sources */ = {isa = PBXBuildFile; fileRef = F71A082A1FB873A2008B259C /* DirectionNode.swift */; };
		F71A082D1FB8788B008B259C /* SphereNode.swift in Sources */ = {isa = PBXBuildFile; fileRef = F71A082C1FB8788B008B259C /* SphereNode.swift */; };
		F71A082F1FB878A7008B259C /* AnnotationNode.swift in Sources */ = {isa = PBXBuildFile; fileRef = F71A082E1FB878A7008B259C /* AnnotationNode.swift */; };
		F73F3B0B1FA3372600D3622E /* UIStoryboard+Extensions.swift in Sources */ = {isa = PBXBuildFile; fileRef = F73F3B0A1FA3372600D3622E /* UIStoryboard+Extensions.swift */; };
		F77B32691F78183A004259B8 /* JsonMapper.framework in Frameworks */ = {isa = PBXBuildFile; fileRef = F77B32641F781827004259B8 /* JsonMapper.framework */; };
		F77B326A1F78183A004259B8 /* JsonMapper.framework in Embed Frameworks */ = {isa = PBXBuildFile; fileRef = F77B32641F781827004259B8 /* JsonMapper.framework */; settings = {ATTRIBUTES = (CodeSignOnCopy, RemoveHeadersOnCopy, ); }; };
		F77B327B1F782234004259B8 /* ARViewController.swift in Sources */ = {isa = PBXBuildFile; fileRef = F77B327A1F782234004259B8 /* ARViewController.swift */; };
		F77B327F1F7822D6004259B8 /* AR.storyboard in Resources */ = {isa = PBXBuildFile; fileRef = F77B327E1F7822D6004259B8 /* AR.storyboard */; };
		F77DF6B51F780EFB00E4EC42 /* AR_NavigationTests.swift in Sources */ = {isa = PBXBuildFile; fileRef = F77DF6B41F780EFB00E4EC42 /* AR_NavigationTests.swift */; };
		F77DF6CC1F7810EF00E4EC42 /* Assets.xcassets in Resources */ = {isa = PBXBuildFile; fileRef = F77DF6C11F7810EE00E4EC42 /* Assets.xcassets */; };
		F77DF6CF1F7810EF00E4EC42 /* LaunchScreen.storyboard in Resources */ = {isa = PBXBuildFile; fileRef = F77DF6C81F7810EE00E4EC42 /* LaunchScreen.storyboard */; };
		F77DF70B1F78135300E4EC42 /* MapKit.framework in Frameworks */ = {isa = PBXBuildFile; fileRef = F77DF70A1F78135300E4EC42 /* MapKit.framework */; };
		F7800B3A1F813FD500998A68 /* KeyboardEventsManager.swift in Sources */ = {isa = PBXBuildFile; fileRef = F7800B391F813FD500998A68 /* KeyboardEventsManager.swift */; };
		F787BFFE1FB7790900079C40 /* CLLocationCoordinate2D+Extensions.swift in Sources */ = {isa = PBXBuildFile; fileRef = F787BFFD1FB7790900079C40 /* CLLocationCoordinate2D+Extensions.swift */; };
		F79F163F1F81117000B6ABF6 /* ARViewPresenter.swift in Sources */ = {isa = PBXBuildFile; fileRef = F79F163E1F81117000B6ABF6 /* ARViewPresenter.swift */; };
		F79F16441F81117D00B6ABF6 /* ARViewInteractor.swift in Sources */ = {isa = PBXBuildFile; fileRef = F79F16431F81117D00B6ABF6 /* ARViewInteractor.swift */; };
		F79F16461F81118800B6ABF6 /* ARViewRouter.swift in Sources */ = {isa = PBXBuildFile; fileRef = F79F16451F81118800B6ABF6 /* ARViewRouter.swift */; };
		F79F16481F81132700B6ABF6 /* Router.swift in Sources */ = {isa = PBXBuildFile; fileRef = F79F16471F81132700B6ABF6 /* Router.swift */; };
		F79F164A1F81133600B6ABF6 /* Interactor.swift in Sources */ = {isa = PBXBuildFile; fileRef = F79F16491F81133600B6ABF6 /* Interactor.swift */; };
		F79F164C1F81134700B6ABF6 /* View.swift in Sources */ = {isa = PBXBuildFile; fileRef = F79F164B1F81134700B6ABF6 /* View.swift */; };
		F79F164F1F811AED00B6ABF6 /* ApplicationManager.swift in Sources */ = {isa = PBXBuildFile; fileRef = F79F164E1F811AED00B6ABF6 /* ApplicationManager.swift */; };
		F79F9FB91FB77ED80014773A /* SCNVector3+Extensions.swift in Sources */ = {isa = PBXBuildFile; fileRef = F79F9FB81FB77ED80014773A /* SCNVector3+Extensions.swift */; };
		F7AAD00C1FB9E5410054BB45 /* PopoverDisplayer.swift in Sources */ = {isa = PBXBuildFile; fileRef = F7AAD00B1FB9E5410054BB45 /* PopoverDisplayer.swift */; };
		F7AAD0101FB9E75B0054BB45 /* CLPlacemark+Extensions.swift in Sources */ = {isa = PBXBuildFile; fileRef = F7AAD00F1FB9E75B0054BB45 /* CLPlacemark+Extensions.swift */; };
		F7BAFD641F827E33004734DA /* SearchResultTableViewCell.swift in Sources */ = {isa = PBXBuildFile; fileRef = F7BAFD621F827E33004734DA /* SearchResultTableViewCell.swift */; };
		F7BAFD651F827E33004734DA /* SearchResultTableViewCell.xib in Resources */ = {isa = PBXBuildFile; fileRef = F7BAFD631F827E33004734DA /* SearchResultTableViewCell.xib */; };
		F7BAFD691F827E54004734DA /* UITableView+Reusable.swift in Sources */ = {isa = PBXBuildFile; fileRef = F7BAFD681F827E54004734DA /* UITableView+Reusable.swift */; };
		F7C92BF71F80D72F00A5A2F5 /* MapView.swift in Sources */ = {isa = PBXBuildFile; fileRef = F7C92BF61F80D72F00A5A2F5 /* MapView.swift */; };
		F7C92BF91F80D75300A5A2F5 /* MapView.storyboard in Resources */ = {isa = PBXBuildFile; fileRef = F7C92BF81F80D75300A5A2F5 /* MapView.storyboard */; };
		F7C92BFB1F80E59700A5A2F5 /* MapViewPresenter.swift in Sources */ = {isa = PBXBuildFile; fileRef = F7C92BFA1F80E59700A5A2F5 /* MapViewPresenter.swift */; };
		F7C92BFD1F80E5E900A5A2F5 /* MapViewInteractor.swift in Sources */ = {isa = PBXBuildFile; fileRef = F7C92BFC1F80E5E900A5A2F5 /* MapViewInteractor.swift */; };
		F7C92BFF1F80E5FF00A5A2F5 /* MapViewRouter.swift in Sources */ = {isa = PBXBuildFile; fileRef = F7C92BFE1F80E5FF00A5A2F5 /* MapViewRouter.swift */; };
		F7C92C041F80E85400A5A2F5 /* Presenter.swift in Sources */ = {isa = PBXBuildFile; fileRef = F7C92C031F80E85400A5A2F5 /* Presenter.swift */; };
		F7C92C081F80ED2300A5A2F5 /* MapActionCollectionViewCell.swift in Sources */ = {isa = PBXBuildFile; fileRef = F7C92C061F80ED2300A5A2F5 /* MapActionCollectionViewCell.swift */; };
		F7C92C091F80ED2300A5A2F5 /* MapActionCollectionViewCell.xib in Resources */ = {isa = PBXBuildFile; fileRef = F7C92C071F80ED2300A5A2F5 /* MapActionCollectionViewCell.xib */; };
		F7C92C0D1F80ED7F00A5A2F5 /* Reusable.swift in Sources */ = {isa = PBXBuildFile; fileRef = F7C92C0C1F80ED7F00A5A2F5 /* Reusable.swift */; };
		F7C92C151F80EF4000A5A2F5 /* UICollectionView+Reusable.swift in Sources */ = {isa = PBXBuildFile; fileRef = F7C92C141F80EF4000A5A2F5 /* UICollectionView+Reusable.swift */; };
		F7C92C291F80F32700A5A2F5 /* NSAttributedString+Extensions.swift in Sources */ = {isa = PBXBuildFile; fileRef = F7C92C281F80F32700A5A2F5 /* NSAttributedString+Extensions.swift */; };
		F7C92C311F80F92B00A5A2F5 /* BottomSlideContainer.swift in Sources */ = {isa = PBXBuildFile; fileRef = F7C92C301F80F92B00A5A2F5 /* BottomSlideContainer.swift */; };
		F7C92C351F80FCF900A5A2F5 /* FloatingPoint+Extensions.swift in Sources */ = {isa = PBXBuildFile; fileRef = F7C92C341F80FCF900A5A2F5 /* FloatingPoint+Extensions.swift */; };
		F7C92C3A1F80FDCF00A5A2F5 /* ARSceneViewManager.swift in Sources */ = {isa = PBXBuildFile; fileRef = F7C92C391F80FDCF00A5A2F5 /* ARSceneViewManager.swift */; };
		F7C92C3C1F81054D00A5A2F5 /* UIView+Extensions.swift in Sources */ = {isa = PBXBuildFile; fileRef = F7C92C3B1F81054D00A5A2F5 /* UIView+Extensions.swift */; };
		F7ED61D31F8252EB00EE3224 /* SearchTableViewController.swift in Sources */ = {isa = PBXBuildFile; fileRef = F7ED61D21F8252EB00EE3224 /* SearchTableViewController.swift */; };
		F7FBE2941FA3777C008830AE /* MapAnnotationView.swift in Sources */ = {isa = PBXBuildFile; fileRef = F7FBE2931FA3777C008830AE /* MapAnnotationView.swift */; };
		F7FBE2981FA37A8D008830AE /* MapAnnotation.swift in Sources */ = {isa = PBXBuildFile; fileRef = F7FBE2971FA37A8D008830AE /* MapAnnotation.swift */; };
		F7FBE29A1FA37D28008830AE /* MKMapView+Reusable.swift in Sources */ = {isa = PBXBuildFile; fileRef = F7FBE2991FA37D28008830AE /* MKMapView+Reusable.swift */; };
		F7FFFB421F8165540039A39B /* MapAction.swift in Sources */ = {isa = PBXBuildFile; fileRef = F7FFFB411F8165540039A39B /* MapAction.swift */; };
/* End PBXBuildFile section */

/* Begin PBXContainerItemProxy section */
		F77B32631F781827004259B8 /* PBXContainerItemProxy */ = {
			isa = PBXContainerItemProxy;
			containerPortal = F77B325D1F781827004259B8 /* JsonMapper.xcodeproj */;
			proxyType = 2;
			remoteGlobalIDString = F7AA56381E86DC9D00709C4C;
			remoteInfo = JsonMapper;
		};
		F77B32651F781827004259B8 /* PBXContainerItemProxy */ = {
			isa = PBXContainerItemProxy;
			containerPortal = F77B325D1F781827004259B8 /* JsonMapper.xcodeproj */;
			proxyType = 2;
			remoteGlobalIDString = F7AA56411E86DC9D00709C4C;
			remoteInfo = JsonMapperTests;
		};
		F77B32671F781827004259B8 /* PBXContainerItemProxy */ = {
			isa = PBXContainerItemProxy;
			containerPortal = F77B325D1F781827004259B8 /* JsonMapper.xcodeproj */;
			proxyType = 2;
			remoteGlobalIDString = F7AA565D1E86DCFE00709C4C;
			remoteInfo = MapperBuildable;
		};
		F77B326B1F78183A004259B8 /* PBXContainerItemProxy */ = {
			isa = PBXContainerItemProxy;
			containerPortal = F77B325D1F781827004259B8 /* JsonMapper.xcodeproj */;
			proxyType = 1;
			remoteGlobalIDString = F7AA56371E86DC9D00709C4C;
			remoteInfo = JsonMapper;
		};
		F77DF6B11F780EFB00E4EC42 /* PBXContainerItemProxy */ = {
			isa = PBXContainerItemProxy;
			containerPortal = F77DF6921F780EFA00E4EC42 /* Project object */;
			proxyType = 1;
			remoteGlobalIDString = F77DF6991F780EFA00E4EC42;
			remoteInfo = AR_Navigation;
		};
/* End PBXContainerItemProxy section */

/* Begin PBXCopyFilesBuildPhase section */
		F77DF7081F78129F00E4EC42 /* Embed Frameworks */ = {
			isa = PBXCopyFilesBuildPhase;
			buildActionMask = 2147483647;
			dstPath = "";
			dstSubfolderSpec = 10;
			files = (
				F77B326A1F78183A004259B8 /* JsonMapper.framework in Embed Frameworks */,
			);
			name = "Embed Frameworks";
			runOnlyForDeploymentPostprocessing = 0;
		};
/* End PBXCopyFilesBuildPhase section */

/* Begin PBXFileReference section */
		F7037B071FC4577900BCC36C /* UIColor+Extensions.swift */ = {isa = PBXFileReference; lastKnownFileType = sourcecode.swift; path = "UIColor+Extensions.swift"; sourceTree = "<group>"; };
		F7037B111FC4875F00BCC36C /* Container.swift */ = {isa = PBXFileReference; lastKnownFileType = sourcecode.swift; path = Container.swift; sourceTree = "<group>"; };
		F71033F71F80CBE90074F6E8 /* NavigationManager.swift */ = {isa = PBXFileReference; lastKnownFileType = sourcecode.swift; path = NavigationManager.swift; sourceTree = "<group>"; };
		F71446A11FB9CEE90068AE4E /* MapModuleContainer.swift */ = {isa = PBXFileReference; lastKnownFileType = sourcecode.swift; path = MapModuleContainer.swift; sourceTree = "<group>"; };
		F71A08261FB8687E008B259C /* MatrixTransformations.swift */ = {isa = PBXFileReference; lastKnownFileType = sourcecode.swift; path = MatrixTransformations.swift; sourceTree = "<group>"; };
		F71A082A1FB873A2008B259C /* DirectionNode.swift */ = {isa = PBXFileReference; lastKnownFileType = sourcecode.swift; path = DirectionNode.swift; sourceTree = "<group>"; };
		F71A082C1FB8788B008B259C /* SphereNode.swift */ = {isa = PBXFileReference; lastKnownFileType = sourcecode.swift; path = SphereNode.swift; sourceTree = "<group>"; };
		F71A082E1FB878A7008B259C /* AnnotationNode.swift */ = {isa = PBXFileReference; lastKnownFileType = sourcecode.swift; path = AnnotationNode.swift; sourceTree = "<group>"; };
		F73F3B0A1FA3372600D3622E /* UIStoryboard+Extensions.swift */ = {isa = PBXFileReference; lastKnownFileType = sourcecode.swift; path = "UIStoryboard+Extensions.swift"; sourceTree = "<group>"; };
		F77B325D1F781827004259B8 /* JsonMapper.xcodeproj */ = {isa = PBXFileReference; lastKnownFileType = "wrapper.pb-project"; name = JsonMapper.xcodeproj; path = JsonMapper/JsonMapper/JsonMapper.xcodeproj; sourceTree = "<group>"; };
		F77B327A1F782234004259B8 /* ARViewController.swift */ = {isa = PBXFileReference; fileEncoding = 4; lastKnownFileType = sourcecode.swift; path = ARViewController.swift; sourceTree = "<group>"; };
		F77B327E1F7822D6004259B8 /* AR.storyboard */ = {isa = PBXFileReference; fileEncoding = 4; lastKnownFileType = file.storyboard; path = AR.storyboard; sourceTree = "<group>"; };
		F77DF69A1F780EFA00E4EC42 /* AR_Navigation.app */ = {isa = PBXFileReference; explicitFileType = wrapper.application; includeInIndex = 0; path = AR_Navigation.app; sourceTree = BUILT_PRODUCTS_DIR; };
		F77DF6B01F780EFB00E4EC42 /* AR_NavigationTests.xctest */ = {isa = PBXFileReference; explicitFileType = wrapper.cfbundle; includeInIndex = 0; path = AR_NavigationTests.xctest; sourceTree = BUILT_PRODUCTS_DIR; };
		F77DF6B41F780EFB00E4EC42 /* AR_NavigationTests.swift */ = {isa = PBXFileReference; lastKnownFileType = sourcecode.swift; path = AR_NavigationTests.swift; sourceTree = "<group>"; };
		F77DF6B61F780EFB00E4EC42 /* Info.plist */ = {isa = PBXFileReference; lastKnownFileType = text.plist.xml; path = Info.plist; sourceTree = "<group>"; };
		F77DF6C11F7810EE00E4EC42 /* Assets.xcassets */ = {isa = PBXFileReference; lastKnownFileType = folder.assetcatalog; path = Assets.xcassets; sourceTree = "<group>"; };
		F77DF6C21F7810EE00E4EC42 /* Info.plist */ = {isa = PBXFileReference; fileEncoding = 4; lastKnownFileType = text.plist.xml; path = Info.plist; sourceTree = "<group>"; };
		F77DF6C91F7810EF00E4EC42 /* Base */ = {isa = PBXFileReference; lastKnownFileType = file.storyboard; name = Base; path = Base.lproj/LaunchScreen.storyboard; sourceTree = "<group>"; };
		F77DF70A1F78135300E4EC42 /* MapKit.framework */ = {isa = PBXFileReference; lastKnownFileType = wrapper.framework; name = MapKit.framework; path = System/Library/Frameworks/MapKit.framework; sourceTree = SDKROOT; };
		F7800B391F813FD500998A68 /* KeyboardEventsManager.swift */ = {isa = PBXFileReference; lastKnownFileType = sourcecode.swift; path = KeyboardEventsManager.swift; sourceTree = "<group>"; };
		F787BFFD1FB7790900079C40 /* CLLocationCoordinate2D+Extensions.swift */ = {isa = PBXFileReference; lastKnownFileType = sourcecode.swift; path = "CLLocationCoordinate2D+Extensions.swift"; sourceTree = "<group>"; };
		F79F163E1F81117000B6ABF6 /* ARViewPresenter.swift */ = {isa = PBXFileReference; lastKnownFileType = sourcecode.swift; path = ARViewPresenter.swift; sourceTree = "<group>"; };
		F79F16431F81117D00B6ABF6 /* ARViewInteractor.swift */ = {isa = PBXFileReference; lastKnownFileType = sourcecode.swift; path = ARViewInteractor.swift; sourceTree = "<group>"; };
		F79F16451F81118800B6ABF6 /* ARViewRouter.swift */ = {isa = PBXFileReference; lastKnownFileType = sourcecode.swift; path = ARViewRouter.swift; sourceTree = "<group>"; };
		F79F16471F81132700B6ABF6 /* Router.swift */ = {isa = PBXFileReference; lastKnownFileType = sourcecode.swift; path = Router.swift; sourceTree = "<group>"; };
		F79F16491F81133600B6ABF6 /* Interactor.swift */ = {isa = PBXFileReference; lastKnownFileType = sourcecode.swift; path = Interactor.swift; sourceTree = "<group>"; };
		F79F164B1F81134700B6ABF6 /* View.swift */ = {isa = PBXFileReference; lastKnownFileType = sourcecode.swift; path = View.swift; sourceTree = "<group>"; };
		F79F164E1F811AED00B6ABF6 /* ApplicationManager.swift */ = {isa = PBXFileReference; lastKnownFileType = sourcecode.swift; path = ApplicationManager.swift; sourceTree = "<group>"; };
		F79F9FB81FB77ED80014773A /* SCNVector3+Extensions.swift */ = {isa = PBXFileReference; lastKnownFileType = sourcecode.swift; path = "SCNVector3+Extensions.swift"; sourceTree = "<group>"; };
		F7AAD00B1FB9E5410054BB45 /* PopoverDisplayer.swift */ = {isa = PBXFileReference; lastKnownFileType = sourcecode.swift; path = PopoverDisplayer.swift; sourceTree = "<group>"; };
		F7AAD00F1FB9E75B0054BB45 /* CLPlacemark+Extensions.swift */ = {isa = PBXFileReference; lastKnownFileType = sourcecode.swift; path = "CLPlacemark+Extensions.swift"; sourceTree = "<group>"; };
		F7BAFD621F827E33004734DA /* SearchResultTableViewCell.swift */ = {isa = PBXFileReference; lastKnownFileType = sourcecode.swift; path = SearchResultTableViewCell.swift; sourceTree = "<group>"; };
		F7BAFD631F827E33004734DA /* SearchResultTableViewCell.xib */ = {isa = PBXFileReference; lastKnownFileType = file.xib; path = SearchResultTableViewCell.xib; sourceTree = "<group>"; };
		F7BAFD681F827E54004734DA /* UITableView+Reusable.swift */ = {isa = PBXFileReference; lastKnownFileType = sourcecode.swift; path = "UITableView+Reusable.swift"; sourceTree = "<group>"; };
		F7C92BF61F80D72F00A5A2F5 /* MapView.swift */ = {isa = PBXFileReference; lastKnownFileType = sourcecode.swift; path = MapView.swift; sourceTree = "<group>"; };
		F7C92BF81F80D75300A5A2F5 /* MapView.storyboard */ = {isa = PBXFileReference; lastKnownFileType = file.storyboard; path = MapView.storyboard; sourceTree = "<group>"; };
		F7C92BFA1F80E59700A5A2F5 /* MapViewPresenter.swift */ = {isa = PBXFileReference; lastKnownFileType = sourcecode.swift; path = MapViewPresenter.swift; sourceTree = "<group>"; };
		F7C92BFC1F80E5E900A5A2F5 /* MapViewInteractor.swift */ = {isa = PBXFileReference; lastKnownFileType = sourcecode.swift; path = MapViewInteractor.swift; sourceTree = "<group>"; };
		F7C92BFE1F80E5FF00A5A2F5 /* MapViewRouter.swift */ = {isa = PBXFileReference; lastKnownFileType = sourcecode.swift; path = MapViewRouter.swift; sourceTree = "<group>"; };
		F7C92C031F80E85400A5A2F5 /* Presenter.swift */ = {isa = PBXFileReference; lastKnownFileType = sourcecode.swift; path = Presenter.swift; sourceTree = "<group>"; };
		F7C92C061F80ED2300A5A2F5 /* MapActionCollectionViewCell.swift */ = {isa = PBXFileReference; lastKnownFileType = sourcecode.swift; path = MapActionCollectionViewCell.swift; sourceTree = "<group>"; };
		F7C92C071F80ED2300A5A2F5 /* MapActionCollectionViewCell.xib */ = {isa = PBXFileReference; lastKnownFileType = file.xib; path = MapActionCollectionViewCell.xib; sourceTree = "<group>"; };
		F7C92C0C1F80ED7F00A5A2F5 /* Reusable.swift */ = {isa = PBXFileReference; lastKnownFileType = sourcecode.swift; path = Reusable.swift; sourceTree = "<group>"; };
		F7C92C141F80EF4000A5A2F5 /* UICollectionView+Reusable.swift */ = {isa = PBXFileReference; lastKnownFileType = sourcecode.swift; path = "UICollectionView+Reusable.swift"; sourceTree = "<group>"; };
		F7C92C281F80F32700A5A2F5 /* NSAttributedString+Extensions.swift */ = {isa = PBXFileReference; lastKnownFileType = sourcecode.swift; path = "NSAttributedString+Extensions.swift"; sourceTree = "<group>"; };
		F7C92C301F80F92B00A5A2F5 /* BottomSlideContainer.swift */ = {isa = PBXFileReference; lastKnownFileType = sourcecode.swift; path = BottomSlideContainer.swift; sourceTree = "<group>"; };
		F7C92C341F80FCF900A5A2F5 /* FloatingPoint+Extensions.swift */ = {isa = PBXFileReference; lastKnownFileType = sourcecode.swift; path = "FloatingPoint+Extensions.swift"; sourceTree = "<group>"; };
		F7C92C391F80FDCF00A5A2F5 /* ARSceneViewManager.swift */ = {isa = PBXFileReference; lastKnownFileType = sourcecode.swift; path = ARSceneViewManager.swift; sourceTree = "<group>"; };
		F7C92C3B1F81054D00A5A2F5 /* UIView+Extensions.swift */ = {isa = PBXFileReference; lastKnownFileType = sourcecode.swift; path = "UIView+Extensions.swift"; sourceTree = "<group>"; };
		F7ED61D21F8252EB00EE3224 /* SearchTableViewController.swift */ = {isa = PBXFileReference; lastKnownFileType = sourcecode.swift; path = SearchTableViewController.swift; sourceTree = "<group>"; };
		F7FBE2931FA3777C008830AE /* MapAnnotationView.swift */ = {isa = PBXFileReference; lastKnownFileType = sourcecode.swift; path = MapAnnotationView.swift; sourceTree = "<group>"; };
		F7FBE2971FA37A8D008830AE /* MapAnnotation.swift */ = {isa = PBXFileReference; lastKnownFileType = sourcecode.swift; path = MapAnnotation.swift; sourceTree = "<group>"; };
		F7FBE2991FA37D28008830AE /* MKMapView+Reusable.swift */ = {isa = PBXFileReference; lastKnownFileType = sourcecode.swift; path = "MKMapView+Reusable.swift"; sourceTree = "<group>"; };
		F7FFFB411F8165540039A39B /* MapAction.swift */ = {isa = PBXFileReference; lastKnownFileType = sourcecode.swift; path = MapAction.swift; sourceTree = "<group>"; };
/* End PBXFileReference section */

/* Begin PBXFrameworksBuildPhase section */
		F77DF6971F780EFA00E4EC42 /* Frameworks */ = {
			isa = PBXFrameworksBuildPhase;
			buildActionMask = 2147483647;
			files = (
				F77DF70B1F78135300E4EC42 /* MapKit.framework in Frameworks */,
				F77B32691F78183A004259B8 /* JsonMapper.framework in Frameworks */,
			);
			runOnlyForDeploymentPostprocessing = 0;
		};
		F77DF6AD1F780EFB00E4EC42 /* Frameworks */ = {
			isa = PBXFrameworksBuildPhase;
			buildActionMask = 2147483647;
			files = (
			);
			runOnlyForDeploymentPostprocessing = 0;
		};
/* End PBXFrameworksBuildPhase section */

/* Begin PBXGroup section */
		F73F3B0E1FA3414B00D3622E /* Annotations */ = {
			isa = PBXGroup;
			children = (
				F7FBE2931FA3777C008830AE /* MapAnnotationView.swift */,
			);
			path = Annotations;
			sourceTree = "<group>";
		};
		F77B325E1F781827004259B8 /* Products */ = {
			isa = PBXGroup;
			children = (
				F77B32641F781827004259B8 /* JsonMapper.framework */,
				F77B32661F781827004259B8 /* JsonMapperTests.xctest */,
				F77B32681F781827004259B8 /* MapperBuildable */,
			);
			name = Products;
			sourceTree = "<group>";
		};
		F77B32731F781DB2004259B8 /* Modules */ = {
			isa = PBXGroup;
			children = (
				F7C92C001F80E81700A5A2F5 /* Basic */,
				F7C92BF21F80D71000A5A2F5 /* MapView */,
				F77B32791F782221004259B8 /* AR */,
			);
			path = Modules;
			sourceTree = "<group>";
		};
		F77B32791F782221004259B8 /* AR */ = {
			isa = PBXGroup;
			children = (
				F77B327E1F7822D6004259B8 /* AR.storyboard */,
				F77B327A1F782234004259B8 /* ARViewController.swift */,
				F79F163E1F81117000B6ABF6 /* ARViewPresenter.swift */,
				F79F16431F81117D00B6ABF6 /* ARViewInteractor.swift */,
				F79F16451F81118800B6ABF6 /* ARViewRouter.swift */,
			);
			path = AR;
			sourceTree = "<group>";
		};
		F77DF6911F780EFA00E4EC42 = {
			isa = PBXGroup;
			children = (
				F77B325D1F781827004259B8 /* JsonMapper.xcodeproj */,
				F77DF69C1F780EFA00E4EC42 /* AR_Navigation */,
				F77DF6B31F780EFB00E4EC42 /* AR_NavigationTests */,
				F77DF69B1F780EFA00E4EC42 /* Products */,
				F77DF7091F78135300E4EC42 /* Frameworks */,
			);
			sourceTree = "<group>";
		};
		F77DF69B1F780EFA00E4EC42 /* Products */ = {
			isa = PBXGroup;
			children = (
				F77DF69A1F780EFA00E4EC42 /* AR_Navigation.app */,
				F77DF6B01F780EFB00E4EC42 /* AR_NavigationTests.xctest */,
			);
			name = Products;
			sourceTree = "<group>";
		};
		F77DF69C1F780EFA00E4EC42 /* AR_Navigation */ = {
			isa = PBXGroup;
			children = (
				F787BFF81FB775C600079C40 /* Nodes */,
				F79F164D1F811AC200B6ABF6 /* Application */,
				F77B32731F781DB2004259B8 /* Modules */,
				F7C92C0A1F80ED6E00A5A2F5 /* Extensions */,
				F7C92C0B1F80ED6E00A5A2F5 /* Protocols */,
				F7ED61CF1F8252CE00EE3224 /* Controllers */,
				F77DF6C61F7810EE00E4EC42 /* Managers */,
				F77DF6C31F7810EE00E4EC42 /* Models */,
				F77DF6C01F7810EE00E4EC42 /* Resources */,
				F77DF6C71F7810EE00E4EC42 /* Storyboards */,
				F77DF6C41F7810EE00E4EC42 /* Views */,
			);
			path = AR_Navigation;
			sourceTree = "<group>";
		};
		F77DF6B31F780EFB00E4EC42 /* AR_NavigationTests */ = {
			isa = PBXGroup;
			children = (
				F77DF6B41F780EFB00E4EC42 /* AR_NavigationTests.swift */,
				F77DF6B61F780EFB00E4EC42 /* Info.plist */,
			);
			path = AR_NavigationTests;
			sourceTree = "<group>";
		};
		F77DF6C01F7810EE00E4EC42 /* Resources */ = {
			isa = PBXGroup;
			children = (
				F77DF6C11F7810EE00E4EC42 /* Assets.xcassets */,
				F77DF6C21F7810EE00E4EC42 /* Info.plist */,
			);
			path = Resources;
			sourceTree = "<group>";
		};
		F77DF6C31F7810EE00E4EC42 /* Models */ = {
			isa = PBXGroup;
			children = (
				F7FBE2971FA37A8D008830AE /* MapAnnotation.swift */,
				F7037B111FC4875F00BCC36C /* Container.swift */,
			);
			path = Models;
			sourceTree = "<group>";
		};
		F77DF6C41F7810EE00E4EC42 /* Views */ = {
			isa = PBXGroup;
			children = (
				F73F3B0E1FA3414B00D3622E /* Annotations */,
				F7C92C051F80ECDA00A5A2F5 /* Cells */,
				F7C92C301F80F92B00A5A2F5 /* BottomSlideContainer.swift */,
			);
			path = Views;
			sourceTree = "<group>";
		};
		F77DF6C61F7810EE00E4EC42 /* Managers */ = {
			isa = PBXGroup;
			children = (
				F71033F71F80CBE90074F6E8 /* NavigationManager.swift */,
				F7C92C391F80FDCF00A5A2F5 /* ARSceneViewManager.swift */,
				F7800B391F813FD500998A68 /* KeyboardEventsManager.swift */,
			);
			path = Managers;
			sourceTree = "<group>";
		};
		F77DF6C71F7810EE00E4EC42 /* Storyboards */ = {
			isa = PBXGroup;
			children = (
				F77DF6C81F7810EE00E4EC42 /* LaunchScreen.storyboard */,
			);
			path = Storyboards;
			sourceTree = "<group>";
		};
		F77DF7091F78135300E4EC42 /* Frameworks */ = {
			isa = PBXGroup;
			children = (
				F77DF70A1F78135300E4EC42 /* MapKit.framework */,
			);
			name = Frameworks;
			sourceTree = "<group>";
		};
		F787BFF81FB775C600079C40 /* Nodes */ = {
			isa = PBXGroup;
			children = (
				F71A082A1FB873A2008B259C /* DirectionNode.swift */,
				F71A082C1FB8788B008B259C /* SphereNode.swift */,
				F71A082E1FB878A7008B259C /* AnnotationNode.swift */,
			);
			path = Nodes;
			sourceTree = "<group>";
		};
		F79F164D1F811AC200B6ABF6 /* Application */ = {
			isa = PBXGroup;
			children = (
				F79F164E1F811AED00B6ABF6 /* ApplicationManager.swift */,
			);
			path = Application;
			sourceTree = "<group>";
		};
		F7C92BF21F80D71000A5A2F5 /* MapView */ = {
			isa = PBXGroup;
			children = (
				F7C92BF81F80D75300A5A2F5 /* MapView.storyboard */,
				F7C92BF61F80D72F00A5A2F5 /* MapView.swift */,
				F7C92BFA1F80E59700A5A2F5 /* MapViewPresenter.swift */,
				F7C92BFC1F80E5E900A5A2F5 /* MapViewInteractor.swift */,
				F7C92BFE1F80E5FF00A5A2F5 /* MapViewRouter.swift */,
				F7FFFB411F8165540039A39B /* MapAction.swift */,
				F71446A11FB9CEE90068AE4E /* MapModuleContainer.swift */,
			);
			path = MapView;
			sourceTree = "<group>";
		};
		F7C92C001F80E81700A5A2F5 /* Basic */ = {
			isa = PBXGroup;
			children = (
				F7C92C031F80E85400A5A2F5 /* Presenter.swift */,
				F79F16471F81132700B6ABF6 /* Router.swift */,
				F79F16491F81133600B6ABF6 /* Interactor.swift */,
				F79F164B1F81134700B6ABF6 /* View.swift */,
			);
			path = Basic;
			sourceTree = "<group>";
		};
		F7C92C051F80ECDA00A5A2F5 /* Cells */ = {
			isa = PBXGroup;
			children = (
				F7C92C061F80ED2300A5A2F5 /* MapActionCollectionViewCell.swift */,
				F7C92C071F80ED2300A5A2F5 /* MapActionCollectionViewCell.xib */,
				F7BAFD621F827E33004734DA /* SearchResultTableViewCell.swift */,
				F7BAFD631F827E33004734DA /* SearchResultTableViewCell.xib */,
			);
			path = Cells;
			sourceTree = "<group>";
		};
		F7C92C0A1F80ED6E00A5A2F5 /* Extensions */ = {
			isa = PBXGroup;
			children = (
				F7C92C141F80EF4000A5A2F5 /* UICollectionView+Reusable.swift */,
				F7C92C281F80F32700A5A2F5 /* NSAttributedString+Extensions.swift */,
				F7C92C341F80FCF900A5A2F5 /* FloatingPoint+Extensions.swift */,
				F7C92C3B1F81054D00A5A2F5 /* UIView+Extensions.swift */,
				F7BAFD681F827E54004734DA /* UITableView+Reusable.swift */,
				F73F3B0A1FA3372600D3622E /* UIStoryboard+Extensions.swift */,
				F7FBE2991FA37D28008830AE /* MKMapView+Reusable.swift */,
				F787BFFD1FB7790900079C40 /* CLLocationCoordinate2D+Extensions.swift */,
				F79F9FB81FB77ED80014773A /* SCNVector3+Extensions.swift */,
				F71A08261FB8687E008B259C /* MatrixTransformations.swift */,
				F7AAD00F1FB9E75B0054BB45 /* CLPlacemark+Extensions.swift */,
				F7037B071FC4577900BCC36C /* UIColor+Extensions.swift */,
			);
			path = Extensions;
			sourceTree = "<group>";
		};
		F7C92C0B1F80ED6E00A5A2F5 /* Protocols */ = {
			isa = PBXGroup;
			children = (
				F7C92C0C1F80ED7F00A5A2F5 /* Reusable.swift */,
				F7AAD00B1FB9E5410054BB45 /* PopoverDisplayer.swift */,
			);
			path = Protocols;
			sourceTree = "<group>";
		};
		F7ED61CF1F8252CE00EE3224 /* Controllers */ = {
			isa = PBXGroup;
			children = (
				F7ED61D21F8252EB00EE3224 /* SearchTableViewController.swift */,
			);
			path = Controllers;
			sourceTree = "<group>";
		};
/* End PBXGroup section */

/* Begin PBXNativeTarget section */
		F77DF6991F780EFA00E4EC42 /* AR_Navigation */ = {
			isa = PBXNativeTarget;
			buildConfigurationList = F77DF6B91F780EFB00E4EC42 /* Build configuration list for PBXNativeTarget "AR_Navigation" */;
			buildPhases = (
				F77DF6961F780EFA00E4EC42 /* Sources */,
				F77DF6971F780EFA00E4EC42 /* Frameworks */,
				F77DF6981F780EFA00E4EC42 /* Resources */,
				F77DF7081F78129F00E4EC42 /* Embed Frameworks */,
			);
			buildRules = (
			);
			dependencies = (
				F77B326C1F78183A004259B8 /* PBXTargetDependency */,
			);
			name = AR_Navigation;
			productName = AR_Navigation;
			productReference = F77DF69A1F780EFA00E4EC42 /* AR_Navigation.app */;
			productType = "com.apple.product-type.application";
		};
		F77DF6AF1F780EFB00E4EC42 /* AR_NavigationTests */ = {
			isa = PBXNativeTarget;
			buildConfigurationList = F77DF6BC1F780EFB00E4EC42 /* Build configuration list for PBXNativeTarget "AR_NavigationTests" */;
			buildPhases = (
				F77DF6AC1F780EFB00E4EC42 /* Sources */,
				F77DF6AD1F780EFB00E4EC42 /* Frameworks */,
				F77DF6AE1F780EFB00E4EC42 /* Resources */,
			);
			buildRules = (
			);
			dependencies = (
				F77DF6B21F780EFB00E4EC42 /* PBXTargetDependency */,
			);
			name = AR_NavigationTests;
			productName = AR_NavigationTests;
			productReference = F77DF6B01F780EFB00E4EC42 /* AR_NavigationTests.xctest */;
			productType = "com.apple.product-type.bundle.unit-test";
		};
/* End PBXNativeTarget section */

/* Begin PBXProject section */
		F77DF6921F780EFA00E4EC42 /* Project object */ = {
			isa = PBXProject;
			attributes = {
				LastSwiftUpdateCheck = 0900;
				LastUpgradeCheck = 0900;
				ORGANIZATIONNAME = "Gleb Radchenko";
				TargetAttributes = {
					F77DF6991F780EFA00E4EC42 = {
						CreatedOnToolsVersion = 9.0;
						ProvisioningStyle = Automatic;
						SystemCapabilities = {
							com.apple.BackgroundModes = {
								enabled = 1;
							};
							com.apple.Maps.iOS = {
								enabled = 1;
							};
						};
					};
					F77DF6AF1F780EFB00E4EC42 = {
						CreatedOnToolsVersion = 9.0;
						ProvisioningStyle = Automatic;
						TestTargetID = F77DF6991F780EFA00E4EC42;
					};
				};
			};
			buildConfigurationList = F77DF6951F780EFA00E4EC42 /* Build configuration list for PBXProject "AR_Navigation" */;
			compatibilityVersion = "Xcode 8.0";
			developmentRegion = en;
			hasScannedForEncodings = 0;
			knownRegions = (
				en,
				Base,
			);
			mainGroup = F77DF6911F780EFA00E4EC42;
			productRefGroup = F77DF69B1F780EFA00E4EC42 /* Products */;
			projectDirPath = "";
			projectReferences = (
				{
					ProductGroup = F77B325E1F781827004259B8 /* Products */;
					ProjectRef = F77B325D1F781827004259B8 /* JsonMapper.xcodeproj */;
				},
			);
			projectRoot = "";
			targets = (
				F77DF6991F780EFA00E4EC42 /* AR_Navigation */,
				F77DF6AF1F780EFB00E4EC42 /* AR_NavigationTests */,
			);
		};
/* End PBXProject section */

/* Begin PBXReferenceProxy section */
		F77B32641F781827004259B8 /* JsonMapper.framework */ = {
			isa = PBXReferenceProxy;
			fileType = wrapper.framework;
			path = JsonMapper.framework;
			remoteRef = F77B32631F781827004259B8 /* PBXContainerItemProxy */;
			sourceTree = BUILT_PRODUCTS_DIR;
		};
		F77B32661F781827004259B8 /* JsonMapperTests.xctest */ = {
			isa = PBXReferenceProxy;
			fileType = wrapper.cfbundle;
			path = JsonMapperTests.xctest;
			remoteRef = F77B32651F781827004259B8 /* PBXContainerItemProxy */;
			sourceTree = BUILT_PRODUCTS_DIR;
		};
		F77B32681F781827004259B8 /* MapperBuildable */ = {
			isa = PBXReferenceProxy;
			fileType = "compiled.mach-o.executable";
			path = MapperBuildable;
			remoteRef = F77B32671F781827004259B8 /* PBXContainerItemProxy */;
			sourceTree = BUILT_PRODUCTS_DIR;
		};
/* End PBXReferenceProxy section */

/* Begin PBXResourcesBuildPhase section */
		F77DF6981F780EFA00E4EC42 /* Resources */ = {
			isa = PBXResourcesBuildPhase;
			buildActionMask = 2147483647;
			files = (
				F7BAFD651F827E33004734DA /* SearchResultTableViewCell.xib in Resources */,
				F7C92BF91F80D75300A5A2F5 /* MapView.storyboard in Resources */,
				F77DF6CF1F7810EF00E4EC42 /* LaunchScreen.storyboard in Resources */,
				F77DF6CC1F7810EF00E4EC42 /* Assets.xcassets in Resources */,
				F7C92C091F80ED2300A5A2F5 /* MapActionCollectionViewCell.xib in Resources */,
				F77B327F1F7822D6004259B8 /* AR.storyboard in Resources */,
			);
			runOnlyForDeploymentPostprocessing = 0;
		};
		F77DF6AE1F780EFB00E4EC42 /* Resources */ = {
			isa = PBXResourcesBuildPhase;
			buildActionMask = 2147483647;
			files = (
			);
			runOnlyForDeploymentPostprocessing = 0;
		};
/* End PBXResourcesBuildPhase section */

/* Begin PBXSourcesBuildPhase section */
		F77DF6961F780EFA00E4EC42 /* Sources */ = {
			isa = PBXSourcesBuildPhase;
			buildActionMask = 2147483647;
			files = (
				F7C92C041F80E85400A5A2F5 /* Presenter.swift in Sources */,
				F7AAD0101FB9E75B0054BB45 /* CLPlacemark+Extensions.swift in Sources */,
				F7C92C351F80FCF900A5A2F5 /* FloatingPoint+Extensions.swift in Sources */,
				F71A082F1FB878A7008B259C /* AnnotationNode.swift in Sources */,
				F79F164A1F81133600B6ABF6 /* Interactor.swift in Sources */,
				F7C92C0D1F80ED7F00A5A2F5 /* Reusable.swift in Sources */,
				F7C92C291F80F32700A5A2F5 /* NSAttributedString+Extensions.swift in Sources */,
				F7C92C081F80ED2300A5A2F5 /* MapActionCollectionViewCell.swift in Sources */,
				F73F3B0B1FA3372600D3622E /* UIStoryboard+Extensions.swift in Sources */,
				F7C92BFB1F80E59700A5A2F5 /* MapViewPresenter.swift in Sources */,
				F71A082D1FB8788B008B259C /* SphereNode.swift in Sources */,
				F7FBE29A1FA37D28008830AE /* MKMapView+Reusable.swift in Sources */,
				F7C92C3C1F81054D00A5A2F5 /* UIView+Extensions.swift in Sources */,
				F7C92BFF1F80E5FF00A5A2F5 /* MapViewRouter.swift in Sources */,
				F79F164C1F81134700B6ABF6 /* View.swift in Sources */,
				F7FBE2981FA37A8D008830AE /* MapAnnotation.swift in Sources */,
				F79F163F1F81117000B6ABF6 /* ARViewPresenter.swift in Sources */,
				F79F16481F81132700B6ABF6 /* Router.swift in Sources */,
				F77B327B1F782234004259B8 /* ARViewController.swift in Sources */,
				F7C92C311F80F92B00A5A2F5 /* BottomSlideContainer.swift in Sources */,
				F79F16461F81118800B6ABF6 /* ARViewRouter.swift in Sources */,
				F7AAD00C1FB9E5410054BB45 /* PopoverDisplayer.swift in Sources */,
				F71446A21FB9CEE90068AE4E /* MapModuleContainer.swift in Sources */,
				F71A08271FB8687E008B259C /* MatrixTransformations.swift in Sources */,
				F7800B3A1F813FD500998A68 /* KeyboardEventsManager.swift in Sources */,
				F7037B121FC4875F00BCC36C /* Container.swift in Sources */,
				F79F16441F81117D00B6ABF6 /* ARViewInteractor.swift in Sources */,
				F7BAFD641F827E33004734DA /* SearchResultTableViewCell.swift in Sources */,
				F7C92C3A1F80FDCF00A5A2F5 /* ARSceneViewManager.swift in Sources */,
				F79F164F1F811AED00B6ABF6 /* ApplicationManager.swift in Sources */,
				F7BAFD691F827E54004734DA /* UITableView+Reusable.swift in Sources */,
				F71033F81F80CBE90074F6E8 /* NavigationManager.swift in Sources */,
				F7FBE2941FA3777C008830AE /* MapAnnotationView.swift in Sources */,
				F7C92C151F80EF4000A5A2F5 /* UICollectionView+Reusable.swift in Sources */,
				F7C92BFD1F80E5E900A5A2F5 /* MapViewInteractor.swift in Sources */,
				F79F9FB91FB77ED80014773A /* SCNVector3+Extensions.swift in Sources */,
				F7ED61D31F8252EB00EE3224 /* SearchTableViewController.swift in Sources */,
				F7C92BF71F80D72F00A5A2F5 /* MapView.swift in Sources */,
				F787BFFE1FB7790900079C40 /* CLLocationCoordinate2D+Extensions.swift in Sources */,
				F7037B081FC4577900BCC36C /* UIColor+Extensions.swift in Sources */,
				F7FFFB421F8165540039A39B /* MapAction.swift in Sources */,
				F71A082B1FB873A2008B259C /* DirectionNode.swift in Sources */,
			);
			runOnlyForDeploymentPostprocessing = 0;
		};
		F77DF6AC1F780EFB00E4EC42 /* Sources */ = {
			isa = PBXSourcesBuildPhase;
			buildActionMask = 2147483647;
			files = (
				F77DF6B51F780EFB00E4EC42 /* AR_NavigationTests.swift in Sources */,
			);
			runOnlyForDeploymentPostprocessing = 0;
		};
/* End PBXSourcesBuildPhase section */

/* Begin PBXTargetDependency section */
		F77B326C1F78183A004259B8 /* PBXTargetDependency */ = {
			isa = PBXTargetDependency;
			name = JsonMapper;
			targetProxy = F77B326B1F78183A004259B8 /* PBXContainerItemProxy */;
		};
		F77DF6B21F780EFB00E4EC42 /* PBXTargetDependency */ = {
			isa = PBXTargetDependency;
			target = F77DF6991F780EFA00E4EC42 /* AR_Navigation */;
			targetProxy = F77DF6B11F780EFB00E4EC42 /* PBXContainerItemProxy */;
		};
/* End PBXTargetDependency section */

/* Begin PBXVariantGroup section */
		F77DF6C81F7810EE00E4EC42 /* LaunchScreen.storyboard */ = {
			isa = PBXVariantGroup;
			children = (
				F77DF6C91F7810EF00E4EC42 /* Base */,
			);
			name = LaunchScreen.storyboard;
			sourceTree = "<group>";
		};
/* End PBXVariantGroup section */

/* Begin XCBuildConfiguration section */
		F77DF6B71F780EFB00E4EC42 /* Debug */ = {
			isa = XCBuildConfiguration;
			buildSettings = {
				ALWAYS_SEARCH_USER_PATHS = NO;
				CLANG_ANALYZER_NONNULL = YES;
				CLANG_ANALYZER_NUMBER_OBJECT_CONVERSION = YES_AGGRESSIVE;
				CLANG_CXX_LANGUAGE_STANDARD = "gnu++14";
				CLANG_CXX_LIBRARY = "libc++";
				CLANG_ENABLE_MODULES = YES;
				CLANG_ENABLE_OBJC_ARC = YES;
				CLANG_WARN_BLOCK_CAPTURE_AUTORELEASING = YES;
				CLANG_WARN_BOOL_CONVERSION = YES;
				CLANG_WARN_COMMA = YES;
				CLANG_WARN_CONSTANT_CONVERSION = YES;
				CLANG_WARN_DIRECT_OBJC_ISA_USAGE = YES_ERROR;
				CLANG_WARN_DOCUMENTATION_COMMENTS = YES;
				CLANG_WARN_EMPTY_BODY = YES;
				CLANG_WARN_ENUM_CONVERSION = YES;
				CLANG_WARN_INFINITE_RECURSION = YES;
				CLANG_WARN_INT_CONVERSION = YES;
				CLANG_WARN_NON_LITERAL_NULL_CONVERSION = YES;
				CLANG_WARN_OBJC_LITERAL_CONVERSION = YES;
				CLANG_WARN_OBJC_ROOT_CLASS = YES_ERROR;
				CLANG_WARN_RANGE_LOOP_ANALYSIS = YES;
				CLANG_WARN_STRICT_PROTOTYPES = YES;
				CLANG_WARN_SUSPICIOUS_MOVE = YES;
				CLANG_WARN_UNGUARDED_AVAILABILITY = YES_AGGRESSIVE;
				CLANG_WARN_UNREACHABLE_CODE = YES;
				CLANG_WARN__DUPLICATE_METHOD_MATCH = YES;
				CODE_SIGN_IDENTITY = "iPhone Developer";
				COPY_PHASE_STRIP = NO;
				DEBUG_INFORMATION_FORMAT = dwarf;
				ENABLE_STRICT_OBJC_MSGSEND = YES;
				ENABLE_TESTABILITY = YES;
				GCC_C_LANGUAGE_STANDARD = gnu11;
				GCC_DYNAMIC_NO_PIC = NO;
				GCC_NO_COMMON_BLOCKS = YES;
				GCC_OPTIMIZATION_LEVEL = 0;
				GCC_PREPROCESSOR_DEFINITIONS = (
					"DEBUG=1",
					"$(inherited)",
				);
				GCC_WARN_64_TO_32_BIT_CONVERSION = YES;
				GCC_WARN_ABOUT_RETURN_TYPE = YES_ERROR;
				GCC_WARN_UNDECLARED_SELECTOR = YES;
				GCC_WARN_UNINITIALIZED_AUTOS = YES_AGGRESSIVE;
				GCC_WARN_UNUSED_FUNCTION = YES;
				GCC_WARN_UNUSED_VARIABLE = YES;
				IPHONEOS_DEPLOYMENT_TARGET = 11.0;
				MTL_ENABLE_DEBUG_INFO = YES;
				ONLY_ACTIVE_ARCH = YES;
				SDKROOT = iphoneos;
				SWIFT_ACTIVE_COMPILATION_CONDITIONS = DEBUG;
				SWIFT_OPTIMIZATION_LEVEL = "-Onone";
			};
			name = Debug;
		};
		F77DF6B81F780EFB00E4EC42 /* Release */ = {
			isa = XCBuildConfiguration;
			buildSettings = {
				ALWAYS_SEARCH_USER_PATHS = NO;
				CLANG_ANALYZER_NONNULL = YES;
				CLANG_ANALYZER_NUMBER_OBJECT_CONVERSION = YES_AGGRESSIVE;
				CLANG_CXX_LANGUAGE_STANDARD = "gnu++14";
				CLANG_CXX_LIBRARY = "libc++";
				CLANG_ENABLE_MODULES = YES;
				CLANG_ENABLE_OBJC_ARC = YES;
				CLANG_WARN_BLOCK_CAPTURE_AUTORELEASING = YES;
				CLANG_WARN_BOOL_CONVERSION = YES;
				CLANG_WARN_COMMA = YES;
				CLANG_WARN_CONSTANT_CONVERSION = YES;
				CLANG_WARN_DIRECT_OBJC_ISA_USAGE = YES_ERROR;
				CLANG_WARN_DOCUMENTATION_COMMENTS = YES;
				CLANG_WARN_EMPTY_BODY = YES;
				CLANG_WARN_ENUM_CONVERSION = YES;
				CLANG_WARN_INFINITE_RECURSION = YES;
				CLANG_WARN_INT_CONVERSION = YES;
				CLANG_WARN_NON_LITERAL_NULL_CONVERSION = YES;
				CLANG_WARN_OBJC_LITERAL_CONVERSION = YES;
				CLANG_WARN_OBJC_ROOT_CLASS = YES_ERROR;
				CLANG_WARN_RANGE_LOOP_ANALYSIS = YES;
				CLANG_WARN_STRICT_PROTOTYPES = YES;
				CLANG_WARN_SUSPICIOUS_MOVE = YES;
				CLANG_WARN_UNGUARDED_AVAILABILITY = YES_AGGRESSIVE;
				CLANG_WARN_UNREACHABLE_CODE = YES;
				CLANG_WARN__DUPLICATE_METHOD_MATCH = YES;
				CODE_SIGN_IDENTITY = "iPhone Developer";
				COPY_PHASE_STRIP = NO;
				DEBUG_INFORMATION_FORMAT = "dwarf-with-dsym";
				ENABLE_NS_ASSERTIONS = NO;
				ENABLE_STRICT_OBJC_MSGSEND = YES;
				GCC_C_LANGUAGE_STANDARD = gnu11;
				GCC_NO_COMMON_BLOCKS = YES;
				GCC_WARN_64_TO_32_BIT_CONVERSION = YES;
				GCC_WARN_ABOUT_RETURN_TYPE = YES_ERROR;
				GCC_WARN_UNDECLARED_SELECTOR = YES;
				GCC_WARN_UNINITIALIZED_AUTOS = YES_AGGRESSIVE;
				GCC_WARN_UNUSED_FUNCTION = YES;
				GCC_WARN_UNUSED_VARIABLE = YES;
				IPHONEOS_DEPLOYMENT_TARGET = 11.0;
				MTL_ENABLE_DEBUG_INFO = NO;
				SDKROOT = iphoneos;
				SWIFT_OPTIMIZATION_LEVEL = "-Owholemodule";
				VALIDATE_PRODUCT = YES;
			};
			name = Release;
		};
		F77DF6BA1F780EFB00E4EC42 /* Debug */ = {
			isa = XCBuildConfiguration;
			buildSettings = {
				ALWAYS_EMBED_SWIFT_STANDARD_LIBRARIES = YES;
				ASSETCATALOG_COMPILER_APPICON_NAME = AppIcon;
				CODE_SIGN_STYLE = Automatic;
				DEVELOPMENT_TEAM = 76RXYZCS9Y;
				INFOPLIST_FILE = "$(SRCROOT)/AR_Navigation/Resources/Info.plist";
				LD_RUNPATH_SEARCH_PATHS = "$(inherited) @executable_path/Frameworks";
				PRODUCT_BUNDLE_IDENTIFIER = "gleb.radchenko.AR-Navigation";
				PRODUCT_NAME = "$(TARGET_NAME)";
				SWIFT_VERSION = 4.0;
				TARGETED_DEVICE_FAMILY = "1,2";
			};
			name = Debug;
		};
		F77DF6BB1F780EFB00E4EC42 /* Release */ = {
			isa = XCBuildConfiguration;
			buildSettings = {
				ALWAYS_EMBED_SWIFT_STANDARD_LIBRARIES = YES;
				ASSETCATALOG_COMPILER_APPICON_NAME = AppIcon;
				CODE_SIGN_STYLE = Automatic;
				DEVELOPMENT_TEAM = 76RXYZCS9Y;
				INFOPLIST_FILE = "$(SRCROOT)/AR_Navigation/Resources/Info.plist";
				LD_RUNPATH_SEARCH_PATHS = "$(inherited) @executable_path/Frameworks";
				PRODUCT_BUNDLE_IDENTIFIER = "gleb.radchenko.AR-Navigation";
				PRODUCT_NAME = "$(TARGET_NAME)";
				SWIFT_VERSION = 4.0;
				TARGETED_DEVICE_FAMILY = "1,2";
			};
			name = Release;
		};
		F77DF6BD1F780EFB00E4EC42 /* Debug */ = {
			isa = XCBuildConfiguration;
			buildSettings = {
				ALWAYS_EMBED_SWIFT_STANDARD_LIBRARIES = YES;
				BUNDLE_LOADER = "$(TEST_HOST)";
				CODE_SIGN_STYLE = Automatic;
				DEVELOPMENT_TEAM = 76RXYZCS9Y;
				INFOPLIST_FILE = AR_NavigationTests/Info.plist;
				LD_RUNPATH_SEARCH_PATHS = "$(inherited) @executable_path/Frameworks @loader_path/Frameworks";
				PRODUCT_BUNDLE_IDENTIFIER = "gleb.radchenko.AR-NavigationTests";
				PRODUCT_NAME = "$(TARGET_NAME)";
				SWIFT_VERSION = 4.0;
				TARGETED_DEVICE_FAMILY = "1,2";
				TEST_HOST = "$(BUILT_PRODUCTS_DIR)/AR_Navigation.app/AR_Navigation";
			};
			name = Debug;
		};
		F77DF6BE1F780EFB00E4EC42 /* Release */ = {
			isa = XCBuildConfiguration;
			buildSettings = {
				ALWAYS_EMBED_SWIFT_STANDARD_LIBRARIES = YES;
				BUNDLE_LOADER = "$(TEST_HOST)";
				CODE_SIGN_STYLE = Automatic;
				DEVELOPMENT_TEAM = 76RXYZCS9Y;
				INFOPLIST_FILE = AR_NavigationTests/Info.plist;
				LD_RUNPATH_SEARCH_PATHS = "$(inherited) @executable_path/Frameworks @loader_path/Frameworks";
				PRODUCT_BUNDLE_IDENTIFIER = "gleb.radchenko.AR-NavigationTests";
				PRODUCT_NAME = "$(TARGET_NAME)";
				SWIFT_VERSION = 4.0;
				TARGETED_DEVICE_FAMILY = "1,2";
				TEST_HOST = "$(BUILT_PRODUCTS_DIR)/AR_Navigation.app/AR_Navigation";
			};
			name = Release;
		};
/* End XCBuildConfiguration section */

/* Begin XCConfigurationList section */
		F77DF6951F780EFA00E4EC42 /* Build configuration list for PBXProject "AR_Navigation" */ = {
			isa = XCConfigurationList;
			buildConfigurations = (
				F77DF6B71F780EFB00E4EC42 /* Debug */,
				F77DF6B81F780EFB00E4EC42 /* Release */,
			);
			defaultConfigurationIsVisible = 0;
			defaultConfigurationName = Release;
		};
		F77DF6B91F780EFB00E4EC42 /* Build configuration list for PBXNativeTarget "AR_Navigation" */ = {
			isa = XCConfigurationList;
			buildConfigurations = (
				F77DF6BA1F780EFB00E4EC42 /* Debug */,
				F77DF6BB1F780EFB00E4EC42 /* Release */,
			);
			defaultConfigurationIsVisible = 0;
			defaultConfigurationName = Release;
		};
		F77DF6BC1F780EFB00E4EC42 /* Build configuration list for PBXNativeTarget "AR_NavigationTests" */ = {
			isa = XCConfigurationList;
			buildConfigurations = (
				F77DF6BD1F780EFB00E4EC42 /* Debug */,
				F77DF6BE1F780EFB00E4EC42 /* Release */,
			);
			defaultConfigurationIsVisible = 0;
			defaultConfigurationName = Release;
		};
/* End XCConfigurationList section */
	};
	rootObject = F77DF6921F780EFA00E4EC42 /* Project object */;
}
